// !$*UTF8*$!
{
	archiveVersion = 1;
	classes = {
	};
	objectVersion = 46;
	objects = {

/* Begin PBXBuildFile section */
		83CC7C3A1A11124C00DBFE3E /* Foundation.framework in Frameworks */ = {isa = PBXBuildFile; fileRef = 83CC7C391A11124C00DBFE3E /* Foundation.framework */; };
		83CC7C3C1A11124C00DBFE3E /* CoreGraphics.framework in Frameworks */ = {isa = PBXBuildFile; fileRef = 83CC7C3B1A11124C00DBFE3E /* CoreGraphics.framework */; };
		83CC7C3E1A11124C00DBFE3E /* UIKit.framework in Frameworks */ = {isa = PBXBuildFile; fileRef = 83CC7C3D1A11124C00DBFE3E /* UIKit.framework */; };
		83CC7C441A11124C00DBFE3E /* InfoPlist.strings in Resources */ = {isa = PBXBuildFile; fileRef = 83CC7C421A11124C00DBFE3E /* InfoPlist.strings */; };
		83CC7C461A11124C00DBFE3E /* main.m in Sources */ = {isa = PBXBuildFile; fileRef = 83CC7C451A11124C00DBFE3E /* main.m */; };
		83CC7C4A1A11124C00DBFE3E /* DNAppDelegate.m in Sources */ = {isa = PBXBuildFile; fileRef = 83CC7C491A11124C00DBFE3E /* DNAppDelegate.m */; };
		83CC7C4D1A11124C00DBFE3E /* Main.storyboard in Resources */ = {isa = PBXBuildFile; fileRef = 83CC7C4B1A11124C00DBFE3E /* Main.storyboard */; };
		83CC7C501A11124C00DBFE3E /* DNViewController.m in Sources */ = {isa = PBXBuildFile; fileRef = 83CC7C4F1A11124C00DBFE3E /* DNViewController.m */; };
		83CC7C521A11124C00DBFE3E /* Images.xcassets in Resources */ = {isa = PBXBuildFile; fileRef = 83CC7C511A11124C00DBFE3E /* Images.xcassets */; };
		83CC7C591A11124D00DBFE3E /* XCTest.framework in Frameworks */ = {isa = PBXBuildFile; fileRef = 83CC7C581A11124D00DBFE3E /* XCTest.framework */; };
		83CC7C5A1A11124D00DBFE3E /* Foundation.framework in Frameworks */ = {isa = PBXBuildFile; fileRef = 83CC7C391A11124C00DBFE3E /* Foundation.framework */; };
		83CC7C5B1A11124D00DBFE3E /* UIKit.framework in Frameworks */ = {isa = PBXBuildFile; fileRef = 83CC7C3D1A11124C00DBFE3E /* UIKit.framework */; };
		83CC7C631A11124D00DBFE3E /* InfoPlist.strings in Resources */ = {isa = PBXBuildFile; fileRef = 83CC7C611A11124D00DBFE3E /* InfoPlist.strings */; };
		83CC7C651A11124D00DBFE3E /* DailyNewsTests.m in Sources */ = {isa = PBXBuildFile; fileRef = 83CC7C641A11124D00DBFE3E /* DailyNewsTests.m */; };
/* End PBXBuildFile section */

/* Begin PBXContainerItemProxy section */
		83CC7C5C1A11124D00DBFE3E /* PBXContainerItemProxy */ = {
			isa = PBXContainerItemProxy;
			containerPortal = 83CC7C2E1A11124C00DBFE3E /* Project object */;
			proxyType = 1;
			remoteGlobalIDString = 83CC7C351A11124C00DBFE3E;
			remoteInfo = DailyNews;
		};
/* End PBXContainerItemProxy section */

/* Begin PBXFileReference section */
		83CC7C361A11124C00DBFE3E /* DailyNews.app */ = {isa = PBXFileReference; explicitFileType = wrapper.application; includeInIndex = 0; path = DailyNews.app; sourceTree = BUILT_PRODUCTS_DIR; };
		83CC7C391A11124C00DBFE3E /* Foundation.framework */ = {isa = PBXFileReference; lastKnownFileType = wrapper.framework; name = Foundation.framework; path = System/Library/Frameworks/Foundation.framework; sourceTree = SDKROOT; };
		83CC7C3B1A11124C00DBFE3E /* CoreGraphics.framework */ = {isa = PBXFileReference; lastKnownFileType = wrapper.framework; name = CoreGraphics.framework; path = System/Library/Frameworks/CoreGraphics.framework; sourceTree = SDKROOT; };
		83CC7C3D1A11124C00DBFE3E /* UIKit.framework */ = {isa = PBXFileReference; lastKnownFileType = wrapper.framework; name = UIKit.framework; path = System/Library/Frameworks/UIKit.framework; sourceTree = SDKROOT; };
		83CC7C411A11124C00DBFE3E /* DailyNews-Info.plist */ = {isa = PBXFileReference; lastKnownFileType = text.plist.xml; path = "DailyNews-Info.plist"; sourceTree = "<group>"; };
		83CC7C431A11124C00DBFE3E /* en */ = {isa = PBXFileReference; lastKnownFileType = text.plist.strings; name = en; path = en.lproj/InfoPlist.strings; sourceTree = "<group>"; };
		83CC7C451A11124C00DBFE3E /* main.m */ = {isa = PBXFileReference; lastKnownFileType = sourcecode.c.objc; path = main.m; sourceTree = "<group>"; };
		83CC7C471A11124C00DBFE3E /* DailyNews-Prefix.pch */ = {isa = PBXFileReference; lastKnownFileType = sourcecode.c.h; path = "DailyNews-Prefix.pch"; sourceTree = "<group>"; };
		83CC7C481A11124C00DBFE3E /* DNAppDelegate.h */ = {isa = PBXFileReference; lastKnownFileType = sourcecode.c.h; path = DNAppDelegate.h; sourceTree = "<group>"; };
		83CC7C491A11124C00DBFE3E /* DNAppDelegate.m */ = {isa = PBXFileReference; lastKnownFileType = sourcecode.c.objc; path = DNAppDelegate.m; sourceTree = "<group>"; };
		83CC7C4C1A11124C00DBFE3E /* Base */ = {isa = PBXFileReference; lastKnownFileType = file.storyboard; name = Base; path = Base.lproj/Main.storyboard; sourceTree = "<group>"; };
		83CC7C4E1A11124C00DBFE3E /* DNViewController.h */ = {isa = PBXFileReference; lastKnownFileType = sourcecode.c.h; path = DNViewController.h; sourceTree = "<group>"; };
		83CC7C4F1A11124C00DBFE3E /* DNViewController.m */ = {isa = PBXFileReference; lastKnownFileType = sourcecode.c.objc; path = DNViewController.m; sourceTree = "<group>"; };
		83CC7C511A11124C00DBFE3E /* Images.xcassets */ = {isa = PBXFileReference; lastKnownFileType = folder.assetcatalog; path = Images.xcassets; sourceTree = "<group>"; };
		83CC7C571A11124D00DBFE3E /* DailyNewsTests.xctest */ = {isa = PBXFileReference; explicitFileType = wrapper.cfbundle; includeInIndex = 0; path = DailyNewsTests.xctest; sourceTree = BUILT_PRODUCTS_DIR; };
		83CC7C581A11124D00DBFE3E /* XCTest.framework */ = {isa = PBXFileReference; lastKnownFileType = wrapper.framework; name = XCTest.framework; path = Library/Frameworks/XCTest.framework; sourceTree = DEVELOPER_DIR; };
		83CC7C601A11124D00DBFE3E /* DailyNewsTests-Info.plist */ = {isa = PBXFileReference; lastKnownFileType = text.plist.xml; path = "DailyNewsTests-Info.plist"; sourceTree = "<group>"; };
		83CC7C621A11124D00DBFE3E /* en */ = {isa = PBXFileReference; lastKnownFileType = text.plist.strings; name = en; path = en.lproj/InfoPlist.strings; sourceTree = "<group>"; };
		83CC7C641A11124D00DBFE3E /* DailyNewsTests.m */ = {isa = PBXFileReference; lastKnownFileType = sourcecode.c.objc; path = DailyNewsTests.m; sourceTree = "<group>"; };
/* End PBXFileReference section */

/* Begin PBXFrameworksBuildPhase section */
		83CC7C331A11124C00DBFE3E /* Frameworks */ = {
			isa = PBXFrameworksBuildPhase;
			buildActionMask = 2147483647;
			files = (
				83CC7C3C1A11124C00DBFE3E /* CoreGraphics.framework in Frameworks */,
				83CC7C3E1A11124C00DBFE3E /* UIKit.framework in Frameworks */,
				83CC7C3A1A11124C00DBFE3E /* Foundation.framework in Frameworks */,
			);
			runOnlyForDeploymentPostprocessing = 0;
		};
		83CC7C541A11124D00DBFE3E /* Frameworks */ = {
			isa = PBXFrameworksBuildPhase;
			buildActionMask = 2147483647;
			files = (
				83CC7C591A11124D00DBFE3E /* XCTest.framework in Frameworks */,
				83CC7C5B1A11124D00DBFE3E /* UIKit.framework in Frameworks */,
				83CC7C5A1A11124D00DBFE3E /* Foundation.framework in Frameworks */,
			);
			runOnlyForDeploymentPostprocessing = 0;
		};
/* End PBXFrameworksBuildPhase section */

/* Begin PBXGroup section */
		83CC7C2D1A11124C00DBFE3E = {
			isa = PBXGroup;
			children = (
				83CC7C3F1A11124C00DBFE3E /* DailyNews */,
				83CC7C5E1A11124D00DBFE3E /* DailyNewsTests */,
				83CC7C381A11124C00DBFE3E /* Frameworks */,
				83CC7C371A11124C00DBFE3E /* Products */,
			);
			sourceTree = "<group>";
		};
		83CC7C371A11124C00DBFE3E /* Products */ = {
			isa = PBXGroup;
			children = (
				83CC7C361A11124C00DBFE3E /* DailyNews.app */,
				83CC7C571A11124D00DBFE3E /* DailyNewsTests.xctest */,
			);
			name = Products;
			sourceTree = "<group>";
		};
		83CC7C381A11124C00DBFE3E /* Frameworks */ = {
			isa = PBXGroup;
			children = (
				83CC7C391A11124C00DBFE3E /* Foundation.framework */,
				83CC7C3B1A11124C00DBFE3E /* CoreGraphics.framework */,
				83CC7C3D1A11124C00DBFE3E /* UIKit.framework */,
				83CC7C581A11124D00DBFE3E /* XCTest.framework */,
			);
			name = Frameworks;
			sourceTree = "<group>";
		};
		83CC7C3F1A11124C00DBFE3E /* DailyNews */ = {
			isa = PBXGroup;
			children = (
				83CC7C481A11124C00DBFE3E /* DNAppDelegate.h */,
				83CC7C491A11124C00DBFE3E /* DNAppDelegate.m */,
				83CC7C4B1A11124C00DBFE3E /* Main.storyboard */,
				83CC7C4E1A11124C00DBFE3E /* DNViewController.h */,
				83CC7C4F1A11124C00DBFE3E /* DNViewController.m */,
				83CC7C511A11124C00DBFE3E /* Images.xcassets */,
				83CC7C401A11124C00DBFE3E /* Supporting Files */,
			);
			path = DailyNews;
			sourceTree = "<group>";
		};
		83CC7C401A11124C00DBFE3E /* Supporting Files */ = {
			isa = PBXGroup;
			children = (
				83CC7C411A11124C00DBFE3E /* DailyNews-Info.plist */,
				83CC7C421A11124C00DBFE3E /* InfoPlist.strings */,
				83CC7C451A11124C00DBFE3E /* main.m */,
				83CC7C471A11124C00DBFE3E /* DailyNews-Prefix.pch */,
			);
			name = "Supporting Files";
			sourceTree = "<group>";
		};
		83CC7C5E1A11124D00DBFE3E /* DailyNewsTests */ = {
			isa = PBXGroup;
			children = (
				83CC7C641A11124D00DBFE3E /* DailyNewsTests.m */,
				83CC7C5F1A11124D00DBFE3E /* Supporting Files */,
			);
			path = DailyNewsTests;
			sourceTree = "<group>";
		};
		83CC7C5F1A11124D00DBFE3E /* Supporting Files */ = {
			isa = PBXGroup;
			children = (
				83CC7C601A11124D00DBFE3E /* DailyNewsTests-Info.plist */,
				83CC7C611A11124D00DBFE3E /* InfoPlist.strings */,
			);
			name = "Supporting Files";
			sourceTree = "<group>";
		};
/* End PBXGroup section */

/* Begin PBXNativeTarget section */
		83CC7C351A11124C00DBFE3E /* DailyNews */ = {
			isa = PBXNativeTarget;
			buildConfigurationList = 83CC7C681A11124D00DBFE3E /* Build configuration list for PBXNativeTarget "DailyNews" */;
			buildPhases = (
				83CC7C321A11124C00DBFE3E /* Sources */,
				83CC7C331A11124C00DBFE3E /* Frameworks */,
				83CC7C341A11124C00DBFE3E /* Resources */,
			);
			buildRules = (
			);
			dependencies = (
			);
			name = DailyNews;
			productName = DailyNews;
			productReference = 83CC7C361A11124C00DBFE3E /* DailyNews.app */;
			productType = "com.apple.product-type.application";
		};
		83CC7C561A11124D00DBFE3E /* DailyNewsTests */ = {
			isa = PBXNativeTarget;
			buildConfigurationList = 83CC7C6B1A11124D00DBFE3E /* Build configuration list for PBXNativeTarget "DailyNewsTests" */;
			buildPhases = (
				83CC7C531A11124D00DBFE3E /* Sources */,
				83CC7C541A11124D00DBFE3E /* Frameworks */,
				83CC7C551A11124D00DBFE3E /* Resources */,
			);
			buildRules = (
			);
			dependencies = (
				83CC7C5D1A11124D00DBFE3E /* PBXTargetDependency */,
			);
			name = DailyNewsTests;
			productName = DailyNewsTests;
			productReference = 83CC7C571A11124D00DBFE3E /* DailyNewsTests.xctest */;
			productType = "com.apple.product-type.bundle.unit-test";
		};
/* End PBXNativeTarget section */

/* Begin PBXProject section */
		83CC7C2E1A11124C00DBFE3E /* Project object */ = {
			isa = PBXProject;
			attributes = {
				CLASSPREFIX = DN;
				LastUpgradeCheck = 0510;
				ORGANIZATIONNAME = "___FULLUSERNAME___";
				TargetAttributes = {
					83CC7C561A11124D00DBFE3E = {
						TestTargetID = 83CC7C351A11124C00DBFE3E;
					};
				};
			};
			buildConfigurationList = 83CC7C311A11124C00DBFE3E /* Build configuration list for PBXProject "DailyNews" */;
			compatibilityVersion = "Xcode 3.2";
			developmentRegion = English;
			hasScannedForEncodings = 0;
			knownRegions = (
				en,
				Base,
			);
			mainGroup = 83CC7C2D1A11124C00DBFE3E;
			productRefGroup = 83CC7C371A11124C00DBFE3E /* Products */;
			projectDirPath = "";
			projectRoot = "";
			targets = (
				83CC7C351A11124C00DBFE3E /* DailyNews */,
				83CC7C561A11124D00DBFE3E /* DailyNewsTests */,
			);
		};
/* End PBXProject section */

/* Begin PBXResourcesBuildPhase section */
		83CC7C341A11124C00DBFE3E /* Resources */ = {
			isa = PBXResourcesBuildPhase;
			buildActionMask = 2147483647;
			files = (
				83CC7C521A11124C00DBFE3E /* Images.xcassets in Resources */,
				83CC7C441A11124C00DBFE3E /* InfoPlist.strings in Resources */,
				83CC7C4D1A11124C00DBFE3E /* Main.storyboard in Resources */,
			);
			runOnlyForDeploymentPostprocessing = 0;
		};
		83CC7C551A11124D00DBFE3E /* Resources */ = {
			isa = PBXResourcesBuildPhase;
			buildActionMask = 2147483647;
			files = (
				83CC7C631A11124D00DBFE3E /* InfoPlist.strings in Resources */,
			);
			runOnlyForDeploymentPostprocessing = 0;
		};
/* End PBXResourcesBuildPhase section */

/* Begin PBXSourcesBuildPhase section */
		83CC7C321A11124C00DBFE3E /* Sources */ = {
			isa = PBXSourcesBuildPhase;
			buildActionMask = 2147483647;
			files = (
				83CC7C4A1A11124C00DBFE3E /* DNAppDelegate.m in Sources */,
				83CC7C501A11124C00DBFE3E /* DNViewController.m in Sources */,
				83CC7C461A11124C00DBFE3E /* main.m in Sources */,
			);
			runOnlyForDeploymentPostprocessing = 0;
		};
		83CC7C531A11124D00DBFE3E /* Sources */ = {
			isa = PBXSourcesBuildPhase;
			buildActionMask = 2147483647;
			files = (
				83CC7C651A11124D00DBFE3E /* DailyNewsTests.m in Sources */,
			);
			runOnlyForDeploymentPostprocessing = 0;
		};
/* End PBXSourcesBuildPhase section */

/* Begin PBXTargetDependency section */
		83CC7C5D1A11124D00DBFE3E /* PBXTargetDependency */ = {
			isa = PBXTargetDependency;
			target = 83CC7C351A11124C00DBFE3E /* DailyNews */;
			targetProxy = 83CC7C5C1A11124D00DBFE3E /* PBXContainerItemProxy */;
		};
/* End PBXTargetDependency section */

/* Begin PBXVariantGroup section */
		83CC7C421A11124C00DBFE3E /* InfoPlist.strings */ = {
			isa = PBXVariantGroup;
			children = (
				83CC7C431A11124C00DBFE3E /* en */,
			);
			name = InfoPlist.strings;
			sourceTree = "<group>";
		};
		83CC7C4B1A11124C00DBFE3E /* Main.storyboard */ = {
			isa = PBXVariantGroup;
			children = (
				83CC7C4C1A11124C00DBFE3E /* Base */,
			);
			name = Main.storyboard;
			sourceTree = "<group>";
		};
		83CC7C611A11124D00DBFE3E /* InfoPlist.strings */ = {
			isa = PBXVariantGroup;
			children = (
				83CC7C621A11124D00DBFE3E /* en */,
			);
			name = InfoPlist.strings;
			sourceTree = "<group>";
		};
/* End PBXVariantGroup section */

/* Begin XCBuildConfiguration section */
		83CC7C661A11124D00DBFE3E /* Debug */ = {
			isa = XCBuildConfiguration;
			buildSettings = {
				ALWAYS_SEARCH_USER_PATHS = NO;
				ARCHS = (
					armv7,
					armv7s,
				);
				CLANG_CXX_LANGUAGE_STANDARD = "gnu++0x";
				CLANG_CXX_LIBRARY = "libc++";
				CLANG_ENABLE_MODULES = YES;
				CLANG_ENABLE_OBJC_ARC = YES;
				CLANG_WARN_BOOL_CONVERSION = YES;
				CLANG_WARN_CONSTANT_CONVERSION = YES;
				CLANG_WARN_DIRECT_OBJC_ISA_USAGE = YES_ERROR;
				CLANG_WARN_EMPTY_BODY = YES;
				CLANG_WARN_ENUM_CONVERSION = YES;
				CLANG_WARN_INT_CONVERSION = YES;
				CLANG_WARN_OBJC_ROOT_CLASS = YES_ERROR;
				CLANG_WARN__DUPLICATE_METHOD_MATCH = YES;
				"CODE_SIGN_IDENTITY[sdk=iphoneos*]" = "iPhone Developer";
				COPY_PHASE_STRIP = NO;
				GCC_C_LANGUAGE_STANDARD = gnu99;
				GCC_DYNAMIC_NO_PIC = NO;
				GCC_OPTIMIZATION_LEVEL = 0;
				GCC_PREPROCESSOR_DEFINITIONS = (
					"DEBUG=1",
					"$(inherited)",
				);
				GCC_SYMBOLS_PRIVATE_EXTERN = NO;
				GCC_WARN_64_TO_32_BIT_CONVERSION = YES;
				GCC_WARN_ABOUT_RETURN_TYPE = YES_ERROR;
				GCC_WARN_UNDECLARED_SELECTOR = YES;
				GCC_WARN_UNINITIALIZED_AUTOS = YES_AGGRESSIVE;
				GCC_WARN_UNUSED_FUNCTION = YES;
				GCC_WARN_UNUSED_VARIABLE = YES;
				IPHONEOS_DEPLOYMENT_TARGET = 7.1;
				ONLY_ACTIVE_ARCH = NO;
				SDKROOT = iphoneos;
				VALID_ARCHS = "armv7 armv7s i386";
			};
			name = Debug;
		};
		83CC7C671A11124D00DBFE3E /* Release */ = {
			isa = XCBuildConfiguration;
			buildSettings = {
				ALWAYS_SEARCH_USER_PATHS = NO;
				ARCHS = (
					armv7,
					armv7s,
				);
				CLANG_CXX_LANGUAGE_STANDARD = "gnu++0x";
				CLANG_CXX_LIBRARY = "libc++";
				CLANG_ENABLE_MODULES = YES;
				CLANG_ENABLE_OBJC_ARC = YES;
				CLANG_WARN_BOOL_CONVERSION = YES;
				CLANG_WARN_CONSTANT_CONVERSION = YES;
				CLANG_WARN_DIRECT_OBJC_ISA_USAGE = YES_ERROR;
				CLANG_WARN_EMPTY_BODY = YES;
				CLANG_WARN_ENUM_CONVERSION = YES;
				CLANG_WARN_INT_CONVERSION = YES;
				CLANG_WARN_OBJC_ROOT_CLASS = YES_ERROR;
				CLANG_WARN__DUPLICATE_METHOD_MATCH = YES;
				"CODE_SIGN_IDENTITY[sdk=iphoneos*]" = "iPhone Developer";
				COPY_PHASE_STRIP = YES;
				ENABLE_NS_ASSERTIONS = NO;
				GCC_C_LANGUAGE_STANDARD = gnu99;
				GCC_WARN_64_TO_32_BIT_CONVERSION = YES;
				GCC_WARN_ABOUT_RETURN_TYPE = YES_ERROR;
				GCC_WARN_UNDECLARED_SELECTOR = YES;
				GCC_WARN_UNINITIALIZED_AUTOS = YES_AGGRESSIVE;
				GCC_WARN_UNUSED_FUNCTION = YES;
				GCC_WARN_UNUSED_VARIABLE = YES;
				IPHONEOS_DEPLOYMENT_TARGET = 7.1;
				ONLY_ACTIVE_ARCH = NO;
				SDKROOT = iphoneos;
				VALIDATE_PRODUCT = YES;
				VALID_ARCHS = "armv7 armv7s i386";
			};
			name = Release;
		};
		83CC7C691A11124D00DBFE3E /* Debug */ = {
			isa = XCBuildConfiguration;
			buildSettings = {
				ARCHS = (
					armv7,
					armv7s,
				);
				ASSETCATALOG_COMPILER_APPICON_NAME = AppIcon;
				ASSETCATALOG_COMPILER_LAUNCHIMAGE_NAME = LaunchImage;
				GCC_PRECOMPILE_PREFIX_HEADER = YES;
				GCC_PREFIX_HEADER = "DailyNews/DailyNews-Prefix.pch";
				INFOPLIST_FILE = "DailyNews/DailyNews-Info.plist";
				PRODUCT_NAME = "$(TARGET_NAME)";
				VALID_ARCHS = "armv7 armv7s i386";
				WRAPPER_EXTENSION = app;
			};
			name = Debug;
		};
		83CC7C6A1A11124D00DBFE3E /* Release */ = {
			isa = XCBuildConfiguration;
			buildSettings = {
				ARCHS = (
					armv7,
					armv7s,
				);
				ASSETCATALOG_COMPILER_APPICON_NAME = AppIcon;
				ASSETCATALOG_COMPILER_LAUNCHIMAGE_NAME = LaunchImage;
				GCC_PRECOMPILE_PREFIX_HEADER = YES;
				GCC_PREFIX_HEADER = "DailyNews/DailyNews-Prefix.pch";
				INFOPLIST_FILE = "DailyNews/DailyNews-Info.plist";
				PRODUCT_NAME = "$(TARGET_NAME)";
				VALID_ARCHS = "armv7 armv7s i386";
				WRAPPER_EXTENSION = app;
			};
			name = Release;
		};
		83CC7C6C1A11124D00DBFE3E /* Debug */ = {
			isa = XCBuildConfiguration;
			buildSettings = {
				BUNDLE_LOADER = "$(BUILT_PRODUCTS_DIR)/DailyNews.app/DailyNews";
				FRAMEWORK_SEARCH_PATHS = (
					"$(SDKROOT)/Developer/Library/Frameworks",
					"$(inherited)",
					"$(DEVELOPER_FRAMEWORKS_DIR)",
				);
				GCC_PRECOMPILE_PREFIX_HEADER = YES;
				GCC_PREFIX_HEADER = "DailyNews/DailyNews-Prefix.pch";
				GCC_PREPROCESSOR_DEFINITIONS = (
					"DEBUG=1",
					"$(inherited)",
				);
				INFOPLIST_FILE = "DailyNewsTests/DailyNewsTests-Info.plist";
				PRODUCT_NAME = "$(TARGET_NAME)";
				TEST_HOST = "$(BUNDLE_LOADER)";
				VALID_ARCHS = "armv7 armv7s i386";
				WRAPPER_EXTENSION = xctest;
			};
			name = Debug;
		};
		83CC7C6D1A11124D00DBFE3E /* Release */ = {
			isa = XCBuildConfiguration;
			buildSettings = {
				BUNDLE_LOADER = "$(BUILT_PRODUCTS_DIR)/DailyNews.app/DailyNews";
				FRAMEWORK_SEARCH_PATHS = (
					"$(SDKROOT)/Developer/Library/Frameworks",
					"$(inherited)",
					"$(DEVELOPER_FRAMEWORKS_DIR)",
				);
				GCC_PRECOMPILE_PREFIX_HEADER = YES;
				GCC_PREFIX_HEADER = "DailyNews/DailyNews-Prefix.pch";
				INFOPLIST_FILE = "DailyNewsTests/DailyNewsTests-Info.plist";
				PRODUCT_NAME = "$(TARGET_NAME)";
				TEST_HOST = "$(BUNDLE_LOADER)";
				VALID_ARCHS = "armv7 armv7s i386";
				WRAPPER_EXTENSION = xctest;
			};
			name = Release;
		};
/* End XCBuildConfiguration section */

/* Begin XCConfigurationList section */
		83CC7C311A11124C00DBFE3E /* Build configuration list for PBXProject "DailyNews" */ = {
			isa = XCConfigurationList;
			buildConfigurations = (
				83CC7C661A11124D00DBFE3E /* Debug */,
				83CC7C671A11124D00DBFE3E /* Release */,
			);
			defaultConfigurationIsVisible = 0;
			defaultConfigurationName = Release;
		};
		83CC7C681A11124D00DBFE3E /* Build configuration list for PBXNativeTarget "DailyNews" */ = {
			isa = XCConfigurationList;
			buildConfigurations = (
				83CC7C691A11124D00DBFE3E /* Debug */,
				83CC7C6A1A11124D00DBFE3E /* Release */,
			);
			defaultConfigurationIsVisible = 0;
			defaultConfigurationName = Release;
		};
		83CC7C6B1A11124D00DBFE3E /* Build configuration list for PBXNativeTarget "DailyNewsTests" */ = {
			isa = XCConfigurationList;
			buildConfigurations = (
				83CC7C6C1A11124D00DBFE3E /* Debug */,
				83CC7C6D1A11124D00DBFE3E /* Release */,
			);
			defaultConfigurationIsVisible = 0;
			defaultConfigurationName = Release;
		};
/* End XCConfigurationList section */
	};
	rootObject = 83CC7C2E1A11124C00DBFE3E /* Project object */;
}
